{
  "originHash" : "76c97cbb9c7ae7f1b27cd9a2db15ecb9df14bb0836f733dfcccc2b30722ee6a8",
  "pins" : [
    {
      "identity" : "mapbox-common-ios",
      "kind" : "remoteSourceControl",
      "location" : "https://github.com/mapbox/mapbox-common-ios.git",
      "state" : {
        "revision" : "daef80aefb4d66c81ad067c3cef806e7cec4ea48",
        "version" : "24.24.2"
      }
    },
    {
      "identity" : "mapbox-core-maps-ios",
      "kind" : "remoteSourceControl",
      "location" : "https://github.com/mapbox/mapbox-core-maps-ios.git",
      "state" : {
        "revision" : "909b75a6a37f9621821c990c2f04e1e4faf3068c",
        "version" : "11.24.2"
      }
    },
    {
      "identity" : "mapbox-maps-ios",
      "kind" : "remoteSourceControl",
      "location" : "https://github.com/mapbox/mapbox-maps-ios.git",
      "state" : {
        "revision" : "83448f0a1ed6b3ab2d76ce344ec15e14510951e1",
        "version" : "11.24.2"
      }
    },
    {
      "identity" : "nwwebsocket",
      "kind" : "remoteSourceControl",
      "location" : "https://github.com/pusher/NWWebSocket.git",
      "state" : {
        "revision" : "3d3b8a24b17a0f079195031ca86af117fc158bef",
        "version" : "0.5.10"
      }
    },
    {
      "identity" : "pusher-websocket-swift",
      "kind" : "remoteSourceControl",
      "location" : "https://github.com/pusher/pusher-websocket-swift",
      "state" : {
        "revision" : "27a9346d3f3c44f2bddf22641bf3c6d75b77d08a",
        "version" : "10.1.10"
      }
    },
    {
      "identity" : "turf-swift",
      "kind" : "remoteSourceControl",
      "location" : "https://github.com/mapbox/turf-swift.git",
      "state" : {
        "revision" : "bf840e6b9529d105687840fe2c9dcd74197d46d1",
        "version" : "4.0.0"
      }
    },
    {
      "identity" : "tweetnacl-swiftwrap",
      "kind" : "remoteSourceControl",
      "location" : "https://github.com/pusher/tweetnacl-swiftwrap",
      "state" : {
        "revision" : "92375f83c3af1b8af011d3c0af1001929844b936",
        "version" : "1.2.0"
      }
    }
  ],
  "version" : 3
}
